// !$*UTF8*$!
{
	archiveVersion = 1;
	classes = {
	};
	objectVersion = 51;
	objects = {

/* Begin PBXBuildFile section */
		15BCE2D02814C1CFAF9EAB85 /* Pods_Instagramimic.framework in Frameworks */ = {isa = PBXBuildFile; fileRef = F7848E8823D071DA6E35CADE /* Pods_Instagramimic.framework */; };
		E4207D2821FCE131000A849A /* ImageCollectionViewCell.swift in Sources */ = {isa = PBXBuildFile; fileRef = E4207D2721FCE131000A849A /* ImageCollectionViewCell.swift */; };
		E4207D2A21FCEE7F000A849A /* CustomImageFlowLayout.swift in Sources */ = {isa = PBXBuildFile; fileRef = E4207D2921FCEE7F000A849A /* CustomImageFlowLayout.swift */; };
		E4207D2C21FD4B24000A849A /* ImageStruct.swift in Sources */ = {isa = PBXBuildFile; fileRef = E4207D2B21FD4B24000A849A /* ImageStruct.swift */; };
		E457500421F78310008CE4FD /* GoogleService-Info.plist in Resources */ = {isa = PBXBuildFile; fileRef = E457500321F7830F008CE4FD /* GoogleService-Info.plist */; };
		E4697ABF21ED67DC00E423CE /* SignUpViewController.swift in Sources */ = {isa = PBXBuildFile; fileRef = E4697ABE21ED67DC00E423CE /* SignUpViewController.swift */; };
		E4697AC121EEB6B000E423CE /* UserProfileViewController.swift in Sources */ = {isa = PBXBuildFile; fileRef = E4697AC021EEB6B000E423CE /* UserProfileViewController.swift */; };
		E47C789121E7E14700261012 /* AppDelegate.swift in Sources */ = {isa = PBXBuildFile; fileRef = E47C789021E7E14700261012 /* AppDelegate.swift */; };
		E47C789321E7E14700261012 /* LoginViewController.swift in Sources */ = {isa = PBXBuildFile; fileRef = E47C789221E7E14700261012 /* LoginViewController.swift */; };
		E47C789621E7E14700261012 /* Main.storyboard in Resources */ = {isa = PBXBuildFile; fileRef = E47C789421E7E14700261012 /* Main.storyboard */; };
		E47C789821E7E14800261012 /* Assets.xcassets in Resources */ = {isa = PBXBuildFile; fileRef = E47C789721E7E14800261012 /* Assets.xcassets */; };
		E47C789B21E7E14800261012 /* LaunchScreen.storyboard in Resources */ = {isa = PBXBuildFile; fileRef = E47C789921E7E14800261012 /* LaunchScreen.storyboard */; };
		E4FAAB2921FAA90800C34366 /* Util.swift in Sources */ = {isa = PBXBuildFile; fileRef = E4FAAB2821FAA90800C34366 /* Util.swift */; };
/* End PBXBuildFile section */

/* Begin PBXFileReference section */
		938683D505A25D5101C53A57 /* Pods-Instagramimic.release.xcconfig */ = {isa = PBXFileReference; includeInIndex = 1; lastKnownFileType = text.xcconfig; name = "Pods-Instagramimic.release.xcconfig"; path = "Pods/Target Support Files/Pods-Instagramimic/Pods-Instagramimic.release.xcconfig"; sourceTree = "<group>"; };
		D6EF0641F6626DF4A558527F /* Pods-Instagramimic.debug.xcconfig */ = {isa = PBXFileReference; includeInIndex = 1; lastKnownFileType = text.xcconfig; name = "Pods-Instagramimic.debug.xcconfig"; path = "Pods/Target Support Files/Pods-Instagramimic/Pods-Instagramimic.debug.xcconfig"; sourceTree = "<group>"; };
		E4207D2721FCE131000A849A /* ImageCollectionViewCell.swift */ = {isa = PBXFileReference; lastKnownFileType = sourcecode.swift; path = ImageCollectionViewCell.swift; sourceTree = "<group>"; };
		E4207D2921FCEE7F000A849A /* CustomImageFlowLayout.swift */ = {isa = PBXFileReference; lastKnownFileType = sourcecode.swift; path = CustomImageFlowLayout.swift; sourceTree = "<group>"; };
		E4207D2B21FD4B24000A849A /* ImageStruct.swift */ = {isa = PBXFileReference; lastKnownFileType = sourcecode.swift; path = ImageStruct.swift; sourceTree = "<group>"; };
		E457500121F7813D008CE4FD /* project.xcworkspace */ = {isa = PBXFileReference; lastKnownFileType = wrapper.workspace; name = project.xcworkspace; path = Instagramimic.xcodeproj/project.xcworkspace; sourceTree = "<group>"; };
		E457500321F7830F008CE4FD /* GoogleService-Info.plist */ = {isa = PBXFileReference; fileEncoding = 4; lastKnownFileType = text.plist.xml; path = "GoogleService-Info.plist"; sourceTree = "<group>"; };
		E4697ABE21ED67DC00E423CE /* SignUpViewController.swift */ = {isa = PBXFileReference; lastKnownFileType = sourcecode.swift; path = SignUpViewController.swift; sourceTree = "<group>"; };
		E4697AC021EEB6B000E423CE /* UserProfileViewController.swift */ = {isa = PBXFileReference; lastKnownFileType = sourcecode.swift; path = UserProfileViewController.swift; sourceTree = "<group>"; };
		E47C788D21E7E14700261012 /* Instagramimic.app */ = {isa = PBXFileReference; explicitFileType = wrapper.application; includeInIndex = 0; path = Instagramimic.app; sourceTree = BUILT_PRODUCTS_DIR; };
		E47C789021E7E14700261012 /* AppDelegate.swift */ = {isa = PBXFileReference; lastKnownFileType = sourcecode.swift; path = AppDelegate.swift; sourceTree = "<group>"; };
		E47C789221E7E14700261012 /* LoginViewController.swift */ = {isa = PBXFileReference; lastKnownFileType = sourcecode.swift; path = LoginViewController.swift; sourceTree = "<group>"; };
		E47C789521E7E14700261012 /* Base */ = {isa = PBXFileReference; lastKnownFileType = file.storyboard; name = Base; path = Base.lproj/Main.storyboard; sourceTree = "<group>"; };
		E47C789721E7E14800261012 /* Assets.xcassets */ = {isa = PBXFileReference; lastKnownFileType = folder.assetcatalog; path = Assets.xcassets; sourceTree = "<group>"; };
		E47C789A21E7E14800261012 /* Base */ = {isa = PBXFileReference; lastKnownFileType = file.storyboard; name = Base; path = Base.lproj/LaunchScreen.storyboard; sourceTree = "<group>"; };
		E47C789C21E7E14800261012 /* Info.plist */ = {isa = PBXFileReference; lastKnownFileType = text.plist.xml; path = Info.plist; sourceTree = "<group>"; };
		E4FAAB2821FAA90800C34366 /* Util.swift */ = {isa = PBXFileReference; lastKnownFileType = sourcecode.swift; path = Util.swift; sourceTree = "<group>"; };
		F7848E8823D071DA6E35CADE /* Pods_Instagramimic.framework */ = {isa = PBXFileReference; explicitFileType = wrapper.framework; includeInIndex = 0; path = Pods_Instagramimic.framework; sourceTree = BUILT_PRODUCTS_DIR; };
/* End PBXFileReference section */

/* Begin PBXFrameworksBuildPhase section */
		E47C788A21E7E14700261012 /* Frameworks */ = {
			isa = PBXFrameworksBuildPhase;
			buildActionMask = 2147483647;
			files = (
				15BCE2D02814C1CFAF9EAB85 /* Pods_Instagramimic.framework in Frameworks */,
			);
			runOnlyForDeploymentPostprocessing = 0;
		};
/* End PBXFrameworksBuildPhase section */

/* Begin PBXGroup section */
		53B4E065745C2472AEF47C72 /* Pods */ = {
			isa = PBXGroup;
			children = (
				D6EF0641F6626DF4A558527F /* Pods-Instagramimic.debug.xcconfig */,
				938683D505A25D5101C53A57 /* Pods-Instagramimic.release.xcconfig */,
			);
			name = Pods;
			sourceTree = "<group>";
		};
		94DB9BFDB687131874D2C6C8 /* Frameworks */ = {
			isa = PBXGroup;
			children = (
				E457500121F7813D008CE4FD /* project.xcworkspace */,
				F7848E8823D071DA6E35CADE /* Pods_Instagramimic.framework */,
			);
			name = Frameworks;
			sourceTree = "<group>";
		};
		E47C788421E7E14700261012 = {
			isa = PBXGroup;
			children = (
				E47C788F21E7E14700261012 /* Instagramimic */,
				E47C788E21E7E14700261012 /* Products */,
				53B4E065745C2472AEF47C72 /* Pods */,
				94DB9BFDB687131874D2C6C8 /* Frameworks */,
			);
			sourceTree = "<group>";
		};
		E47C788E21E7E14700261012 /* Products */ = {
			isa = PBXGroup;
			children = (
				E47C788D21E7E14700261012 /* Instagramimic.app */,
			);
			name = Products;
			sourceTree = "<group>";
		};
		E47C788F21E7E14700261012 /* Instagramimic */ = {
			isa = PBXGroup;
			children = (
				E457500321F7830F008CE4FD /* GoogleService-Info.plist */,
				E47C789021E7E14700261012 /* AppDelegate.swift */,
				E47C789221E7E14700261012 /* LoginViewController.swift */,
				E47C789421E7E14700261012 /* Main.storyboard */,
				E47C789721E7E14800261012 /* Assets.xcassets */,
				E47C789921E7E14800261012 /* LaunchScreen.storyboard */,
				E47C789C21E7E14800261012 /* Info.plist */,
				E4697ABE21ED67DC00E423CE /* SignUpViewController.swift */,
				E4697AC021EEB6B000E423CE /* UserProfileViewController.swift */,
				E4FAAB2821FAA90800C34366 /* Util.swift */,
				E4207D2721FCE131000A849A /* ImageCollectionViewCell.swift */,
				E4207D2921FCEE7F000A849A /* CustomImageFlowLayout.swift */,
				E4207D2B21FD4B24000A849A /* ImageStruct.swift */,
			);
			path = Instagramimic;
			sourceTree = "<group>";
		};
/* End PBXGroup section */

/* Begin PBXNativeTarget section */
		E47C788C21E7E14700261012 /* Instagramimic */ = {
			isa = PBXNativeTarget;
			buildConfigurationList = E47C789F21E7E14800261012 /* Build configuration list for PBXNativeTarget "Instagramimic" */;
			buildPhases = (
				411A7CC4B562C019F858E1FA /* [CP] Check Pods Manifest.lock */,
				E47C788921E7E14700261012 /* Sources */,
				E47C788A21E7E14700261012 /* Frameworks */,
				E47C788B21E7E14700261012 /* Resources */,
				FFD42700E03C6DF3751E223F /* [CP] Embed Pods Frameworks */,
				9023567442494B123E183638 /* [CP] Copy Pods Resources */,
			);
			buildRules = (
			);
			dependencies = (
			);
			name = Instagramimic;
			productName = Instagramimic;
			productReference = E47C788D21E7E14700261012 /* Instagramimic.app */;
			productType = "com.apple.product-type.application";
		};
/* End PBXNativeTarget section */

/* Begin PBXProject section */
		E47C788521E7E14700261012 /* Project object */ = {
			isa = PBXProject;
			attributes = {
				LastSwiftUpdateCheck = 1010;
				LastUpgradeCheck = 1010;
				ORGANIZATIONNAME = damonmeng;
				TargetAttributes = {
					E47C788C21E7E14700261012 = {
						CreatedOnToolsVersion = 10.1;
					};
				};
			};
			buildConfigurationList = E47C788821E7E14700261012 /* Build configuration list for PBXProject "Instagramimic" */;
			compatibilityVersion = "Xcode 10.0";
			developmentRegion = en;
			hasScannedForEncodings = 0;
			knownRegions = (
				en,
				Base,
			);
			mainGroup = E47C788421E7E14700261012;
			productRefGroup = E47C788E21E7E14700261012 /* Products */;
			projectDirPath = "";
			projectRoot = "";
			targets = (
				E47C788C21E7E14700261012 /* Instagramimic */,
			);
		};
/* End PBXProject section */

/* Begin PBXResourcesBuildPhase section */
		E47C788B21E7E14700261012 /* Resources */ = {
			isa = PBXResourcesBuildPhase;
			buildActionMask = 2147483647;
			files = (
				E47C789B21E7E14800261012 /* LaunchScreen.storyboard in Resources */,
				E457500421F78310008CE4FD /* GoogleService-Info.plist in Resources */,
				E47C789821E7E14800261012 /* Assets.xcassets in Resources */,
				E47C789621E7E14700261012 /* Main.storyboard in Resources */,
			);
			runOnlyForDeploymentPostprocessing = 0;
		};
/* End PBXResourcesBuildPhase section */

/* Begin PBXShellScriptBuildPhase section */
		411A7CC4B562C019F858E1FA /* [CP] Check Pods Manifest.lock */ = {
			isa = PBXShellScriptBuildPhase;
			buildActionMask = 2147483647;
			files = (
			);
			inputFileListPaths = (
			);
			inputPaths = (
				"${PODS_PODFILE_DIR_PATH}/Podfile.lock",
				"${PODS_ROOT}/Manifest.lock",
			);
			name = "[CP] Check Pods Manifest.lock";
			outputFileListPaths = (
			);
			outputPaths = (
				"$(DERIVED_FILE_DIR)/Pods-Instagramimic-checkManifestLockResult.txt",
			);
			runOnlyForDeploymentPostprocessing = 0;
			shellPath = /bin/sh;
			shellScript = "diff \"${PODS_PODFILE_DIR_PATH}/Podfile.lock\" \"${PODS_ROOT}/Manifest.lock\" > /dev/null\nif [ $? != 0 ] ; then\n    # print error to STDERR\n    echo \"error: The sandbox is not in sync with the Podfile.lock. Run 'pod install' or update your CocoaPods installation.\" >&2\n    exit 1\nfi\n# This output is used by Xcode 'outputs' to avoid re-running this script phase.\necho \"SUCCESS\" > \"${SCRIPT_OUTPUT_FILE_0}\"\n";
			showEnvVarsInLog = 0;
		};
		9023567442494B123E183638 /* [CP] Copy Pods Resources */ = {
			isa = PBXShellScriptBuildPhase;
			buildActionMask = 2147483647;
			files = (
			);
			inputFileListPaths = (
			);
			inputPaths = (
				"${SRCROOT}/Pods/Target Support Files/Pods-Instagramimic/Pods-Instagramimic-resources.sh",
				"${PODS_CONFIGURATION_BUILD_DIR}/FirebaseFirestore/gRPCCertificates-Firestore.bundle",
			);
			name = "[CP] Copy Pods Resources";
			outputFileListPaths = (
			);
			outputPaths = (
				"${TARGET_BUILD_DIR}/${UNLOCALIZED_RESOURCES_FOLDER_PATH}/gRPCCertificates-Firestore.bundle",
			);
			runOnlyForDeploymentPostprocessing = 0;
			shellPath = /bin/sh;
			shellScript = "\"${SRCROOT}/Pods/Target Support Files/Pods-Instagramimic/Pods-Instagramimic-resources.sh\"\n";
			showEnvVarsInLog = 0;
		};
		FFD42700E03C6DF3751E223F /* [CP] Embed Pods Frameworks */ = {
			isa = PBXShellScriptBuildPhase;
			buildActionMask = 2147483647;
			files = (
			);
			inputFileListPaths = (
			);
			inputPaths = (
				"${SRCROOT}/Pods/Target Support Files/Pods-Instagramimic/Pods-Instagramimic-frameworks.sh",
				"${BUILT_PRODUCTS_DIR}/BoringSSL/openssl.framework",
				"${BUILT_PRODUCTS_DIR}/GTMSessionFetcher/GTMSessionFetcher.framework",
				"${BUILT_PRODUCTS_DIR}/GoogleUtilities/GoogleUtilities.framework",
				"${BUILT_PRODUCTS_DIR}/Protobuf/Protobuf.framework",
				"${BUILT_PRODUCTS_DIR}/SDWebImage/SDWebImage.framework",
				"${BUILT_PRODUCTS_DIR}/gRPC-C++/grpcpp.framework",
				"${BUILT_PRODUCTS_DIR}/gRPC-Core/grpc.framework",
				"${BUILT_PRODUCTS_DIR}/leveldb-library/leveldb.framework",
				"${BUILT_PRODUCTS_DIR}/libwebp/libwebp.framework",
				"${BUILT_PRODUCTS_DIR}/nanopb/nanopb.framework",
			);
			name = "[CP] Embed Pods Frameworks";
			outputFileListPaths = (
			);
			outputPaths = (
				"${TARGET_BUILD_DIR}/${FRAMEWORKS_FOLDER_PATH}/openssl.framework",
				"${TARGET_BUILD_DIR}/${FRAMEWORKS_FOLDER_PATH}/GTMSessionFetcher.framework",
				"${TARGET_BUILD_DIR}/${FRAMEWORKS_FOLDER_PATH}/GoogleUtilities.framework",
				"${TARGET_BUILD_DIR}/${FRAMEWORKS_FOLDER_PATH}/Protobuf.framework",
				"${TARGET_BUILD_DIR}/${FRAMEWORKS_FOLDER_PATH}/SDWebImage.framework",
				"${TARGET_BUILD_DIR}/${FRAMEWORKS_FOLDER_PATH}/grpcpp.framework",
				"${TARGET_BUILD_DIR}/${FRAMEWORKS_FOLDER_PATH}/grpc.framework",
				"${TARGET_BUILD_DIR}/${FRAMEWORKS_FOLDER_PATH}/leveldb.framework",
				"${TARGET_BUILD_DIR}/${FRAMEWORKS_FOLDER_PATH}/libwebp.framework",
				"${TARGET_BUILD_DIR}/${FRAMEWORKS_FOLDER_PATH}/nanopb.framework",
			);
			runOnlyForDeploymentPostprocessing = 0;
			shellPath = /bin/sh;
			shellScript = "\"${SRCROOT}/Pods/Target Support Files/Pods-Instagramimic/Pods-Instagramimic-frameworks.sh\"\n";
			showEnvVarsInLog = 0;
		};
/* End PBXShellScriptBuildPhase section */

/* Begin PBXSourcesBuildPhase section */
		E47C788921E7E14700261012 /* Sources */ = {
			isa = PBXSourcesBuildPhase;
			buildActionMask = 2147483647;
			files = (
				E4207D2821FCE131000A849A /* ImageCollectionViewCell.swift in Sources */,
				E4FAAB2921FAA90800C34366 /* Util.swift in Sources */,
				E4697ABF21ED67DC00E423CE /* SignUpViewController.swift in Sources */,
				E4207D2A21FCEE7F000A849A /* CustomImageFlowLayout.swift in Sources */,
				E4207D2C21FD4B24000A849A /* ImageStruct.swift in Sources */,
				E4697AC121EEB6B000E423CE /* UserProfileViewController.swift in Sources */,
				E47C789321E7E14700261012 /* LoginViewController.swift in Sources */,
				E47C789121E7E14700261012 /* AppDelegate.swift in Sources */,
			);
			runOnlyForDeploymentPostprocessing = 0;
		};
/* End PBXSourcesBuildPhase section */

/* Begin PBXVariantGroup section */
		E47C789421E7E14700261012 /* Main.storyboard */ = {
			isa = PBXVariantGroup;
			children = (
				E47C789521E7E14700261012 /* Base */,
			);
			name = Main.storyboard;
			sourceTree = "<group>";
		};
		E47C789921E7E14800261012 /* LaunchScreen.storyboard */ = {
			isa = PBXVariantGroup;
			children = (
				E47C789A21E7E14800261012 /* Base */,
			);
			name = LaunchScreen.storyboard;
			sourceTree = "<group>";
		};
/* End PBXVariantGroup section */

/* Begin XCBuildConfiguration section */
		E47C789D21E7E14800261012 /* Debug */ = {
			isa = XCBuildConfiguration;
			buildSettings = {
				ALWAYS_SEARCH_USER_PATHS = NO;
				CLANG_ANALYZER_NONNULL = YES;
				CLANG_ANALYZER_NUMBER_OBJECT_CONVERSION = YES_AGGRESSIVE;
				CLANG_CXX_LANGUAGE_STANDARD = "gnu++14";
				CLANG_CXX_LIBRARY = "libc++";
				CLANG_ENABLE_MODULES = YES;
				CLANG_ENABLE_OBJC_ARC = YES;
				CLANG_ENABLE_OBJC_WEAK = YES;
				CLANG_WARN_BLOCK_CAPTURE_AUTORELEASING = YES;
				CLANG_WARN_BOOL_CONVERSION = YES;
				CLANG_WARN_COMMA = YES;
				CLANG_WARN_CONSTANT_CONVERSION = YES;
				CLANG_WARN_DEPRECATED_OBJC_IMPLEMENTATIONS = YES;
				CLANG_WARN_DIRECT_OBJC_ISA_USAGE = YES_ERROR;
				CLANG_WARN_DOCUMENTATION_COMMENTS = YES;
				CLANG_WARN_EMPTY_BODY = YES;
				CLANG_WARN_ENUM_CONVERSION = YES;
				CLANG_WARN_INFINITE_RECURSION = YES;
				CLANG_WARN_INT_CONVERSION = YES;
				CLANG_WARN_NON_LITERAL_NULL_CONVERSION = YES;
				CLANG_WARN_OBJC_IMPLICIT_RETAIN_SELF = YES;
				CLANG_WARN_OBJC_LITERAL_CONVERSION = YES;
				CLANG_WARN_OBJC_ROOT_CLASS = YES_ERROR;
				CLANG_WARN_RANGE_LOOP_ANALYSIS = YES;
				CLANG_WARN_STRICT_PROTOTYPES = YES;
				CLANG_WARN_SUSPICIOUS_MOVE = YES;
				CLANG_WARN_UNGUARDED_AVAILABILITY = YES_AGGRESSIVE;
				CLANG_WARN_UNREACHABLE_CODE = YES;
				CLANG_WARN__DUPLICATE_METHOD_MATCH = YES;
				CODE_SIGN_IDENTITY = "iPhone Developer";
				COPY_PHASE_STRIP = NO;
				DEBUG_INFORMATION_FORMAT = dwarf;
				ENABLE_STRICT_OBJC_MSGSEND = YES;
				ENABLE_TESTABILITY = YES;
				GCC_C_LANGUAGE_STANDARD = gnu11;
				GCC_DYNAMIC_NO_PIC = NO;
				GCC_NO_COMMON_BLOCKS = YES;
				GCC_OPTIMIZATION_LEVEL = 0;
				GCC_PREPROCESSOR_DEFINITIONS = (
					"DEBUG=1",
					"$(inherited)",
				);
				GCC_WARN_64_TO_32_BIT_CONVERSION = YES;
				GCC_WARN_ABOUT_RETURN_TYPE = YES_ERROR;
				GCC_WARN_UNDECLARED_SELECTOR = YES;
				GCC_WARN_UNINITIALIZED_AUTOS = YES_AGGRESSIVE;
				GCC_WARN_UNUSED_FUNCTION = YES;
				GCC_WARN_UNUSED_VARIABLE = YES;
				IPHONEOS_DEPLOYMENT_TARGET = 12.1;
				MTL_ENABLE_DEBUG_INFO = INCLUDE_SOURCE;
				MTL_FAST_MATH = YES;
				ONLY_ACTIVE_ARCH = YES;
				SDKROOT = iphoneos;
				SWIFT_ACTIVE_COMPILATION_CONDITIONS = DEBUG;
				SWIFT_OPTIMIZATION_LEVEL = "-Onone";
			};
			name = Debug;
		};
		E47C789E21E7E14800261012 /* Release */ = {
			isa = XCBuildConfiguration;
			buildSettings = {
				ALWAYS_SEARCH_USER_PATHS = NO;
				CLANG_ANALYZER_NONNULL = YES;
				CLANG_ANALYZER_NUMBER_OBJECT_CONVERSION = YES_AGGRESSIVE;
				CLANG_CXX_LANGUAGE_STANDARD = "gnu++14";
				CLANG_CXX_LIBRARY = "libc++";
				CLANG_ENABLE_MODULES = YES;
				CLANG_ENABLE_OBJC_ARC = YES;
				CLANG_ENABLE_OBJC_WEAK = YES;
				CLANG_WARN_BLOCK_CAPTURE_AUTORELEASING = YES;
				CLANG_WARN_BOOL_CONVERSION = YES;
				CLANG_WARN_COMMA = YES;
				CLANG_WARN_CONSTANT_CONVERSION = YES;
				CLANG_WARN_DEPRECATED_OBJC_IMPLEMENTATIONS = YES;
				CLANG_WARN_DIRECT_OBJC_ISA_USAGE = YES_ERROR;
				CLANG_WARN_DOCUMENTATION_COMMENTS = YES;
				CLANG_WARN_EMPTY_BODY = YES;
				CLANG_WARN_ENUM_CONVERSION = YES;
				CLANG_WARN_INFINITE_RECURSION = YES;
				CLANG_WARN_INT_CONVERSION = YES;
				CLANG_WARN_NON_LITERAL_NULL_CONVERSION = YES;
				CLANG_WARN_OBJC_IMPLICIT_RETAIN_SELF = YES;
				CLANG_WARN_OBJC_LITERAL_CONVERSION = YES;
				CLANG_WARN_OBJC_ROOT_CLASS = YES_ERROR;
				CLANG_WARN_RANGE_LOOP_ANALYSIS = YES;
				CLANG_WARN_STRICT_PROTOTYPES = YES;
				CLANG_WARN_SUSPICIOUS_MOVE = YES;
				CLANG_WARN_UNGUARDED_AVAILABILITY = YES_AGGRESSIVE;
				CLANG_WARN_UNREACHABLE_CODE = YES;
				CLANG_WARN__DUPLICATE_METHOD_MATCH = YES;
				CODE_SIGN_IDENTITY = "iPhone Developer";
				COPY_PHASE_STRIP = NO;
				DEBUG_INFORMATION_FORMAT = "dwarf-with-dsym";
				ENABLE_NS_ASSERTIONS = NO;
				ENABLE_STRICT_OBJC_MSGSEND = YES;
				GCC_C_LANGUAGE_STANDARD = gnu11;
				GCC_NO_COMMON_BLOCKS = YES;
				GCC_WARN_64_TO_32_BIT_CONVERSION = YES;
				GCC_WARN_ABOUT_RETURN_TYPE = YES_ERROR;
				GCC_WARN_UNDECLARED_SELECTOR = YES;
				GCC_WARN_UNINITIALIZED_AUTOS = YES_AGGRESSIVE;
				GCC_WARN_UNUSED_FUNCTION = YES;
				GCC_WARN_UNUSED_VARIABLE = YES;
				IPHONEOS_DEPLOYMENT_TARGET = 12.1;
				MTL_ENABLE_DEBUG_INFO = NO;
				MTL_FAST_MATH = YES;
				SDKROOT = iphoneos;
				SWIFT_COMPILATION_MODE = wholemodule;
				SWIFT_OPTIMIZATION_LEVEL = "-O";
				VALIDATE_PRODUCT = YES;
			};
			name = Release;
		};
		E47C78A021E7E14800261012 /* Debug */ = {
			isa = XCBuildConfiguration;
			baseConfigurationReference = D6EF0641F6626DF4A558527F /* Pods-Instagramimic.debug.xcconfig */;
			buildSettings = {
				ASSETCATALOG_COMPILER_APPICON_NAME = AppIcon;
				CODE_SIGN_IDENTITY = "iPhone Developer";
				CODE_SIGN_STYLE = Automatic;
				DEVELOPMENT_TEAM = P95QPJ2YSA;
				INFOPLIST_FILE = Instagramimic/Info.plist;
				LD_RUNPATH_SEARCH_PATHS = (
					"$(inherited)",
					"@executable_path/Frameworks",
				);
				PRODUCT_BUNDLE_IDENTIFIER = com.damonmeng.Instagramimic;
				PRODUCT_NAME = "$(TARGET_NAME)";
				PROVISIONING_PROFILE_SPECIFIER = "";
				SWIFT_VERSION = 4.2;
				TARGETED_DEVICE_FAMILY = "1,2";
			};
			name = Debug;
		};
		E47C78A121E7E14800261012 /* Release */ = {
			isa = XCBuildConfiguration;
			baseConfigurationReference = 938683D505A25D5101C53A57 /* Pods-Instagramimic.release.xcconfig */;
			buildSettings = {
				ASSETCATALOG_COMPILER_APPICON_NAME = AppIcon;
				CODE_SIGN_IDENTITY = "iPhone Developer";
				CODE_SIGN_STYLE = Automatic;
				DEVELOPMENT_TEAM = P95QPJ2YSA;
				INFOPLIST_FILE = Instagramimic/Info.plist;
				LD_RUNPATH_SEARCH_PATHS = (
					"$(inherited)",
					"@executable_path/Frameworks",
				);
				PRODUCT_BUNDLE_IDENTIFIER = com.damonmeng.Instagramimic;
				PRODUCT_NAME = "$(TARGET_NAME)";
				PROVISIONING_PROFILE_SPECIFIER = "";
				SWIFT_VERSION = 4.2;
				TARGETED_DEVICE_FAMILY = "1,2";
			};
			name = Release;
		};
/* End XCBuildConfiguration section */

/* Begin XCConfigurationList section */
		E47C788821E7E14700261012 /* Build configuration list for PBXProject "Instagramimic" */ = {
			isa = XCConfigurationList;
			buildConfigurations = (
				E47C789D21E7E14800261012 /* Debug */,
				E47C789E21E7E14800261012 /* Release */,
			);
			defaultConfigurationIsVisible = 0;
			defaultConfigurationName = Release;
		};
		E47C789F21E7E14800261012 /* Build configuration list for PBXNativeTarget "Instagramimic" */ = {
			isa = XCConfigurationList;
			buildConfigurations = (
				E47C78A021E7E14800261012 /* Debug */,
				E47C78A121E7E14800261012 /* Release */,
			);
			defaultConfigurationIsVisible = 0;
			defaultConfigurationName = Release;
		};
/* End XCConfigurationList section */
	};
	rootObject = E47C788521E7E14700261012 /* Project object */;
}
